// !$*UTF8*$!
{
	archiveVersion = 1;
	classes = {
	};
	objectVersion = 56;
	objects = {

/* Begin PBXBuildFile section */
		542956522A95FE9B007C9658 /* CustomWorkoutView.swift in Sources */ = {isa = PBXBuildFile; fileRef = 542956512A95FE9B007C9658 /* CustomWorkoutView.swift */; };
		54F562FC2ADF82EA002F6239 /* PumpBuddyTests.swift in Sources */ = {isa = PBXBuildFile; fileRef = DD09CB6C2A811B2B0016769A /* PumpBuddyTests.swift */; };
		DD09CB5C2A811B2A0016769A /* PumpBuddyApp.swift in Sources */ = {isa = PBXBuildFile; fileRef = DD09CB5B2A811B2A0016769A /* PumpBuddyApp.swift */; };
		DD09CB5E2A811B2A0016769A /* ContentView.swift in Sources */ = {isa = PBXBuildFile; fileRef = DD09CB5D2A811B2A0016769A /* ContentView.swift */; };
		DD09CB602A811B2B0016769A /* Assets.xcassets in Resources */ = {isa = PBXBuildFile; fileRef = DD09CB5F2A811B2B0016769A /* Assets.xcassets */; };
		DD09CB632A811B2B0016769A /* Preview Assets.xcassets in Resources */ = {isa = PBXBuildFile; fileRef = DD09CB622A811B2B0016769A /* Preview Assets.xcassets */; };
		DD09CB772A811B2B0016769A /* PumpBuddyUITests.swift in Sources */ = {isa = PBXBuildFile; fileRef = DD09CB762A811B2B0016769A /* PumpBuddyUITests.swift */; };
		DD09CB792A811B2B0016769A /* PumpBuddyUITestsLaunchTests.swift in Sources */ = {isa = PBXBuildFile; fileRef = DD09CB782A811B2B0016769A /* PumpBuddyUITestsLaunchTests.swift */; };
		DD09CB892A8123DA0016769A /* IntroPage1View.swift in Sources */ = {isa = PBXBuildFile; fileRef = DD09CB882A8123DA0016769A /* IntroPage1View.swift */; };
		DD1726012ADEB35D00ED4AF6 /* Api_Key.plist in Resources */ = {isa = PBXBuildFile; fileRef = DD1726002ADEB35D00ED4AF6 /* Api_Key.plist */; };
		DD1726212ADEC32100ED4AF6 /* WidgetKit.framework in Frameworks */ = {isa = PBXBuildFile; fileRef = 541C3B902ADE73EC00C33A91 /* WidgetKit.framework */; };
		DD1726222ADEC32100ED4AF6 /* SwiftUI.framework in Frameworks */ = {isa = PBXBuildFile; fileRef = 541C3B922ADE73EC00C33A91 /* SwiftUI.framework */; };
		DD1726252ADEC32100ED4AF6 /* WorkoutWidgetBundle.swift in Sources */ = {isa = PBXBuildFile; fileRef = DD1726242ADEC32100ED4AF6 /* WorkoutWidgetBundle.swift */; };
		DD1726272ADEC32100ED4AF6 /* WorkoutWidgetLiveActivity.swift in Sources */ = {isa = PBXBuildFile; fileRef = DD1726262ADEC32100ED4AF6 /* WorkoutWidgetLiveActivity.swift */; };
		DD1726292ADEC32100ED4AF6 /* WorkoutWidget.swift in Sources */ = {isa = PBXBuildFile; fileRef = DD1726282ADEC32100ED4AF6 /* WorkoutWidget.swift */; };
		DD17262C2ADEC32300ED4AF6 /* Assets.xcassets in Resources */ = {isa = PBXBuildFile; fileRef = DD17262B2ADEC32300ED4AF6 /* Assets.xcassets */; };
		DD17262E2ADEC32300ED4AF6 /* WorkoutWidget.intentdefinition in Sources */ = {isa = PBXBuildFile; fileRef = DD17262A2ADEC32100ED4AF6 /* WorkoutWidget.intentdefinition */; };
		DD17262F2ADEC32300ED4AF6 /* WorkoutWidget.intentdefinition in Sources */ = {isa = PBXBuildFile; fileRef = DD17262A2ADEC32100ED4AF6 /* WorkoutWidget.intentdefinition */; };
		DD1726322ADEC32300ED4AF6 /* WorkoutWidgetExtension.appex in Embed Foundation Extensions */ = {isa = PBXBuildFile; fileRef = DD1726202ADEC32100ED4AF6 /* WorkoutWidgetExtension.appex */; settings = {ATTRIBUTES = (RemoveHeadersOnCopy, ); }; };
		DD1767132AD62FC900A8D758 /* ExerciseDetailsView.swift in Sources */ = {isa = PBXBuildFile; fileRef = DD1767122AD62FC900A8D758 /* ExerciseDetailsView.swift */; };
		DD3515A82A99A2EE00509143 /* SearchExercises.swift in Sources */ = {isa = PBXBuildFile; fileRef = DD3515A72A99A2EE00509143 /* SearchExercises.swift */; };
		DD6152BC2ADED0470076A6F7 /* WorkoutData.xcdatamodeld in Sources */ = {isa = PBXBuildFile; fileRef = DDECEE412AD442D600423590 /* WorkoutData.xcdatamodeld */; };
		DD6152BE2ADED04F0076A6F7 /* WorkoutData.xcdatamodeld in Sources */ = {isa = PBXBuildFile; fileRef = DDECEE412AD442D600423590 /* WorkoutData.xcdatamodeld */; };
		DD6152C42ADFAE350076A6F7 /* GoalProgressView.swift in Sources */ = {isa = PBXBuildFile; fileRef = DD6152C32ADFAE350076A6F7 /* GoalProgressView.swift */; };
		DD837B172A946A9200C10CDC /* SignUpPageView.swift in Sources */ = {isa = PBXBuildFile; fileRef = DD837B162A946A9200C10CDC /* SignUpPageView.swift */; };
		DD837B202A947E0200C10CDC /* WorkoutTabView.swift in Sources */ = {isa = PBXBuildFile; fileRef = DD837B1F2A947E0200C10CDC /* WorkoutTabView.swift */; };
		DD837B222A947E7200C10CDC /* AccountTabView.swift in Sources */ = {isa = PBXBuildFile; fileRef = DD837B212A947E7200C10CDC /* AccountTabView.swift */; };
		DD837B272A9489A900C10CDC /* WeekView.swift in Sources */ = {isa = PBXBuildFile; fileRef = DD837B262A9489A900C10CDC /* WeekView.swift */; };
		DD837B292A9489E300C10CDC /* WorkoutsBriefView.swift in Sources */ = {isa = PBXBuildFile; fileRef = DD837B282A9489E300C10CDC /* WorkoutsBriefView.swift */; };
		DD837B2D2A949DF200C10CDC /* WorkoutHistoryView.swift in Sources */ = {isa = PBXBuildFile; fileRef = DD837B2C2A949DF200C10CDC /* WorkoutHistoryView.swift */; };
		DDC4E1E22AD84E43004A2C1D /* ExerciseModel.swift in Sources */ = {isa = PBXBuildFile; fileRef = DDC4E1E12AD84E43004A2C1D /* ExerciseModel.swift */; };
		DDC4E1E42AD84EA4004A2C1D /* JsonModel.swift in Sources */ = {isa = PBXBuildFile; fileRef = DDC4E1E32AD84EA4004A2C1D /* JsonModel.swift */; };
		DDD9506C2ADAE4CC00A72203 /* PresetWorkout+CoreDataClass.swift in Sources */ = {isa = PBXBuildFile; fileRef = DDD9506A2ADAE4CC00A72203 /* PresetWorkout+CoreDataClass.swift */; };
		DDD9506D2ADAE4CC00A72203 /* PresetWorkout+CoreDataProperties.swift in Sources */ = {isa = PBXBuildFile; fileRef = DDD9506B2ADAE4CC00A72203 /* PresetWorkout+CoreDataProperties.swift */; };
		DDD9506F2ADAEF5400A72203 /* CreatePresetWorkout.swift in Sources */ = {isa = PBXBuildFile; fileRef = DDD9506E2ADAEF5400A72203 /* CreatePresetWorkout.swift */; };
		DDE9CA8C2A86086A008B4BC5 /* LoadPageView.swift in Sources */ = {isa = PBXBuildFile; fileRef = DDE9CA8B2A86086A008B4BC5 /* LoadPageView.swift */; };
		DDECEE432AD442D600423590 /* WorkoutData.xcdatamodeld in Sources */ = {isa = PBXBuildFile; fileRef = DDECEE412AD442D600423590 /* WorkoutData.xcdatamodeld */; };
		DDECEE452AD4441200423590 /* Persistence.swift in Sources */ = {isa = PBXBuildFile; fileRef = DDECEE442AD4441200423590 /* Persistence.swift */; };
		DDECEE5E2AD4E95100423590 /* Set+CoreDataClass.swift in Sources */ = {isa = PBXBuildFile; fileRef = DDECEE562AD4E95100423590 /* Set+CoreDataClass.swift */; };
		DDECEE5F2AD4E95100423590 /* Set+CoreDataProperties.swift in Sources */ = {isa = PBXBuildFile; fileRef = DDECEE572AD4E95100423590 /* Set+CoreDataProperties.swift */; };
		DDECEE602AD4E95100423590 /* Workout+CoreDataClass.swift in Sources */ = {isa = PBXBuildFile; fileRef = DDECEE582AD4E95100423590 /* Workout+CoreDataClass.swift */; };
		DDECEE612AD4E95100423590 /* Workout+CoreDataProperties.swift in Sources */ = {isa = PBXBuildFile; fileRef = DDECEE592AD4E95100423590 /* Workout+CoreDataProperties.swift */; };
		DDECEE622AD4E95100423590 /* ExercisePerformed+CoreDataClass.swift in Sources */ = {isa = PBXBuildFile; fileRef = DDECEE5A2AD4E95100423590 /* ExercisePerformed+CoreDataClass.swift */; };
		DDECEE632AD4E95100423590 /* ExercisePerformed+CoreDataProperties.swift in Sources */ = {isa = PBXBuildFile; fileRef = DDECEE5B2AD4E95100423590 /* ExercisePerformed+CoreDataProperties.swift */; };
		DDECEE642AD4E95100423590 /* Exercise+CoreDataClass.swift in Sources */ = {isa = PBXBuildFile; fileRef = DDECEE5C2AD4E95100423590 /* Exercise+CoreDataClass.swift */; };
		DDECEE652AD4E95100423590 /* Exercise+CoreDataProperties.swift in Sources */ = {isa = PBXBuildFile; fileRef = DDECEE5D2AD4E95100423590 /* Exercise+CoreDataProperties.swift */; };
		DDEF9EA32A89ED1A0071B30C /* HomePageView.swift in Sources */ = {isa = PBXBuildFile; fileRef = DDEF9EA22A89ED1A0071B30C /* HomePageView.swift */; };
/* End PBXBuildFile section */

/* Begin PBXContainerItemProxy section */
		DD09CB692A811B2B0016769A /* PBXContainerItemProxy */ = {
			isa = PBXContainerItemProxy;
			containerPortal = DD09CB502A811B2A0016769A /* Project object */;
			proxyType = 1;
			remoteGlobalIDString = DD09CB572A811B2A0016769A;
			remoteInfo = PumpBuddy;
		};
		DD09CB732A811B2B0016769A /* PBXContainerItemProxy */ = {
			isa = PBXContainerItemProxy;
			containerPortal = DD09CB502A811B2A0016769A /* Project object */;
			proxyType = 1;
			remoteGlobalIDString = DD09CB572A811B2A0016769A;
			remoteInfo = PumpBuddy;
		};
		DD1726302ADEC32300ED4AF6 /* PBXContainerItemProxy */ = {
			isa = PBXContainerItemProxy;
			containerPortal = DD09CB502A811B2A0016769A /* Project object */;
			proxyType = 1;
			remoteGlobalIDString = DD17261F2ADEC32100ED4AF6;
			remoteInfo = WorkoutWidgetExtension;
		};
/* End PBXContainerItemProxy section */

/* Begin PBXCopyFilesBuildPhase section */
		541C3BA72ADE73ED00C33A91 /* Embed Foundation Extensions */ = {
			isa = PBXCopyFilesBuildPhase;
			buildActionMask = 2147483647;
			dstPath = "";
			dstSubfolderSpec = 13;
			files = (
				DD1726322ADEC32300ED4AF6 /* WorkoutWidgetExtension.appex in Embed Foundation Extensions */,
			);
			name = "Embed Foundation Extensions";
			runOnlyForDeploymentPostprocessing = 0;
		};
/* End PBXCopyFilesBuildPhase section */

/* Begin PBXFileReference section */
		541C3B902ADE73EC00C33A91 /* WidgetKit.framework */ = {isa = PBXFileReference; lastKnownFileType = wrapper.framework; name = WidgetKit.framework; path = System/Library/Frameworks/WidgetKit.framework; sourceTree = SDKROOT; };
		541C3B922ADE73EC00C33A91 /* SwiftUI.framework */ = {isa = PBXFileReference; lastKnownFileType = wrapper.framework; name = SwiftUI.framework; path = System/Library/Frameworks/SwiftUI.framework; sourceTree = SDKROOT; };
		542956512A95FE9B007C9658 /* CustomWorkoutView.swift */ = {isa = PBXFileReference; lastKnownFileType = sourcecode.swift; path = CustomWorkoutView.swift; sourceTree = "<group>"; };
		54F562FD2ADF8361002F6239 /* PumpBuddy-test.xctestplan */ = {isa = PBXFileReference; lastKnownFileType = text; path = "PumpBuddy-test.xctestplan"; sourceTree = "<group>"; };
		DD09CB582A811B2A0016769A /* PumpBuddy.app */ = {isa = PBXFileReference; explicitFileType = wrapper.application; includeInIndex = 0; path = PumpBuddy.app; sourceTree = BUILT_PRODUCTS_DIR; };
		DD09CB5B2A811B2A0016769A /* PumpBuddyApp.swift */ = {isa = PBXFileReference; lastKnownFileType = sourcecode.swift; path = PumpBuddyApp.swift; sourceTree = "<group>"; };
		DD09CB5D2A811B2A0016769A /* ContentView.swift */ = {isa = PBXFileReference; lastKnownFileType = sourcecode.swift; path = ContentView.swift; sourceTree = "<group>"; };
		DD09CB5F2A811B2B0016769A /* Assets.xcassets */ = {isa = PBXFileReference; lastKnownFileType = folder.assetcatalog; path = Assets.xcassets; sourceTree = "<group>"; };
		DD09CB622A811B2B0016769A /* Preview Assets.xcassets */ = {isa = PBXFileReference; lastKnownFileType = folder.assetcatalog; path = "Preview Assets.xcassets"; sourceTree = "<group>"; };
		DD09CB682A811B2B0016769A /* PumpBuddyTests.xctest */ = {isa = PBXFileReference; explicitFileType = wrapper.cfbundle; includeInIndex = 0; path = PumpBuddyTests.xctest; sourceTree = BUILT_PRODUCTS_DIR; };
		DD09CB6C2A811B2B0016769A /* PumpBuddyTests.swift */ = {isa = PBXFileReference; lastKnownFileType = sourcecode.swift; path = PumpBuddyTests.swift; sourceTree = "<group>"; };
		DD09CB722A811B2B0016769A /* PumpBuddyUITests.xctest */ = {isa = PBXFileReference; explicitFileType = wrapper.cfbundle; includeInIndex = 0; path = PumpBuddyUITests.xctest; sourceTree = BUILT_PRODUCTS_DIR; };
		DD09CB762A811B2B0016769A /* PumpBuddyUITests.swift */ = {isa = PBXFileReference; lastKnownFileType = sourcecode.swift; path = PumpBuddyUITests.swift; sourceTree = "<group>"; };
		DD09CB782A811B2B0016769A /* PumpBuddyUITestsLaunchTests.swift */ = {isa = PBXFileReference; lastKnownFileType = sourcecode.swift; path = PumpBuddyUITestsLaunchTests.swift; sourceTree = "<group>"; };
		DD09CB882A8123DA0016769A /* IntroPage1View.swift */ = {isa = PBXFileReference; lastKnownFileType = sourcecode.swift; path = IntroPage1View.swift; sourceTree = "<group>"; };
		DD1726002ADEB35D00ED4AF6 /* Api_Key.plist */ = {isa = PBXFileReference; lastKnownFileType = text.plist.xml; path = Api_Key.plist; sourceTree = "<group>"; };
		DD1726202ADEC32100ED4AF6 /* WorkoutWidgetExtension.appex */ = {isa = PBXFileReference; explicitFileType = "wrapper.app-extension"; includeInIndex = 0; path = WorkoutWidgetExtension.appex; sourceTree = BUILT_PRODUCTS_DIR; };
		DD1726242ADEC32100ED4AF6 /* WorkoutWidgetBundle.swift */ = {isa = PBXFileReference; lastKnownFileType = sourcecode.swift; path = WorkoutWidgetBundle.swift; sourceTree = "<group>"; };
		DD1726262ADEC32100ED4AF6 /* WorkoutWidgetLiveActivity.swift */ = {isa = PBXFileReference; lastKnownFileType = sourcecode.swift; path = WorkoutWidgetLiveActivity.swift; sourceTree = "<group>"; };
		DD1726282ADEC32100ED4AF6 /* WorkoutWidget.swift */ = {isa = PBXFileReference; lastKnownFileType = sourcecode.swift; path = WorkoutWidget.swift; sourceTree = "<group>"; };
		DD17262A2ADEC32100ED4AF6 /* WorkoutWidget.intentdefinition */ = {isa = PBXFileReference; lastKnownFileType = file.intentdefinition; path = WorkoutWidget.intentdefinition; sourceTree = "<group>"; };
		DD17262B2ADEC32300ED4AF6 /* Assets.xcassets */ = {isa = PBXFileReference; lastKnownFileType = folder.assetcatalog; path = Assets.xcassets; sourceTree = "<group>"; };
		DD17262D2ADEC32300ED4AF6 /* Info.plist */ = {isa = PBXFileReference; lastKnownFileType = text.plist.xml; path = Info.plist; sourceTree = "<group>"; };
		DD1767122AD62FC900A8D758 /* ExerciseDetailsView.swift */ = {isa = PBXFileReference; lastKnownFileType = sourcecode.swift; path = ExerciseDetailsView.swift; sourceTree = "<group>"; };
		DD3515A72A99A2EE00509143 /* SearchExercises.swift */ = {isa = PBXFileReference; lastKnownFileType = sourcecode.swift; path = SearchExercises.swift; sourceTree = "<group>"; };
		DD6152C12ADED4150076A6F7 /* PumpBuddy.entitlements */ = {isa = PBXFileReference; lastKnownFileType = text.plist.entitlements; path = PumpBuddy.entitlements; sourceTree = "<group>"; };
		DD6152C22ADED4400076A6F7 /* WorkoutWidgetExtension.entitlements */ = {isa = PBXFileReference; lastKnownFileType = text.plist.entitlements; path = WorkoutWidgetExtension.entitlements; sourceTree = "<group>"; };
		DD6152C32ADFAE350076A6F7 /* GoalProgressView.swift */ = {isa = PBXFileReference; lastKnownFileType = sourcecode.swift; path = GoalProgressView.swift; sourceTree = "<group>"; };
		DD837B162A946A9200C10CDC /* SignUpPageView.swift */ = {isa = PBXFileReference; lastKnownFileType = sourcecode.swift; path = SignUpPageView.swift; sourceTree = "<group>"; };
		DD837B1F2A947E0200C10CDC /* WorkoutTabView.swift */ = {isa = PBXFileReference; lastKnownFileType = sourcecode.swift; path = WorkoutTabView.swift; sourceTree = "<group>"; };
		DD837B212A947E7200C10CDC /* AccountTabView.swift */ = {isa = PBXFileReference; lastKnownFileType = sourcecode.swift; path = AccountTabView.swift; sourceTree = "<group>"; };
		DD837B262A9489A900C10CDC /* WeekView.swift */ = {isa = PBXFileReference; lastKnownFileType = sourcecode.swift; path = WeekView.swift; sourceTree = "<group>"; };
		DD837B282A9489E300C10CDC /* WorkoutsBriefView.swift */ = {isa = PBXFileReference; lastKnownFileType = sourcecode.swift; path = WorkoutsBriefView.swift; sourceTree = "<group>"; };
		DD837B2C2A949DF200C10CDC /* WorkoutHistoryView.swift */ = {isa = PBXFileReference; lastKnownFileType = sourcecode.swift; path = WorkoutHistoryView.swift; sourceTree = "<group>"; };
		DDC4E1E12AD84E43004A2C1D /* ExerciseModel.swift */ = {isa = PBXFileReference; lastKnownFileType = sourcecode.swift; path = ExerciseModel.swift; sourceTree = "<group>"; };
		DDC4E1E32AD84EA4004A2C1D /* JsonModel.swift */ = {isa = PBXFileReference; lastKnownFileType = sourcecode.swift; path = JsonModel.swift; sourceTree = "<group>"; };
		DDD9506A2ADAE4CC00A72203 /* PresetWorkout+CoreDataClass.swift */ = {isa = PBXFileReference; lastKnownFileType = sourcecode.swift; path = "PresetWorkout+CoreDataClass.swift"; sourceTree = "<group>"; };
		DDD9506B2ADAE4CC00A72203 /* PresetWorkout+CoreDataProperties.swift */ = {isa = PBXFileReference; lastKnownFileType = sourcecode.swift; path = "PresetWorkout+CoreDataProperties.swift"; sourceTree = "<group>"; };
		DDD9506E2ADAEF5400A72203 /* CreatePresetWorkout.swift */ = {isa = PBXFileReference; lastKnownFileType = sourcecode.swift; path = CreatePresetWorkout.swift; sourceTree = "<group>"; };
		DDE9CA8B2A86086A008B4BC5 /* LoadPageView.swift */ = {isa = PBXFileReference; lastKnownFileType = sourcecode.swift; path = LoadPageView.swift; sourceTree = "<group>"; };
		DDECEE422AD442D600423590 /* WorkoutData.xcdatamodel */ = {isa = PBXFileReference; lastKnownFileType = wrapper.xcdatamodel; path = WorkoutData.xcdatamodel; sourceTree = "<group>"; };
		DDECEE442AD4441200423590 /* Persistence.swift */ = {isa = PBXFileReference; lastKnownFileType = sourcecode.swift; path = Persistence.swift; sourceTree = "<group>"; };
		DDECEE562AD4E95100423590 /* Set+CoreDataClass.swift */ = {isa = PBXFileReference; lastKnownFileType = sourcecode.swift; path = "Set+CoreDataClass.swift"; sourceTree = "<group>"; };
		DDECEE572AD4E95100423590 /* Set+CoreDataProperties.swift */ = {isa = PBXFileReference; lastKnownFileType = sourcecode.swift; path = "Set+CoreDataProperties.swift"; sourceTree = "<group>"; };
		DDECEE582AD4E95100423590 /* Workout+CoreDataClass.swift */ = {isa = PBXFileReference; lastKnownFileType = sourcecode.swift; path = "Workout+CoreDataClass.swift"; sourceTree = "<group>"; };
		DDECEE592AD4E95100423590 /* Workout+CoreDataProperties.swift */ = {isa = PBXFileReference; lastKnownFileType = sourcecode.swift; path = "Workout+CoreDataProperties.swift"; sourceTree = "<group>"; };
		DDECEE5A2AD4E95100423590 /* ExercisePerformed+CoreDataClass.swift */ = {isa = PBXFileReference; lastKnownFileType = sourcecode.swift; path = "ExercisePerformed+CoreDataClass.swift"; sourceTree = "<group>"; };
		DDECEE5B2AD4E95100423590 /* ExercisePerformed+CoreDataProperties.swift */ = {isa = PBXFileReference; lastKnownFileType = sourcecode.swift; path = "ExercisePerformed+CoreDataProperties.swift"; sourceTree = "<group>"; };
		DDECEE5C2AD4E95100423590 /* Exercise+CoreDataClass.swift */ = {isa = PBXFileReference; lastKnownFileType = sourcecode.swift; path = "Exercise+CoreDataClass.swift"; sourceTree = "<group>"; };
		DDECEE5D2AD4E95100423590 /* Exercise+CoreDataProperties.swift */ = {isa = PBXFileReference; lastKnownFileType = sourcecode.swift; path = "Exercise+CoreDataProperties.swift"; sourceTree = "<group>"; };
		DDEF9EA22A89ED1A0071B30C /* HomePageView.swift */ = {isa = PBXFileReference; lastKnownFileType = sourcecode.swift; path = HomePageView.swift; sourceTree = "<group>"; };
/* End PBXFileReference section */

/* Begin PBXFrameworksBuildPhase section */
		DD09CB552A811B2A0016769A /* Frameworks */ = {
			isa = PBXFrameworksBuildPhase;
			buildActionMask = 2147483647;
			files = (
			);
			runOnlyForDeploymentPostprocessing = 0;
		};
		DD09CB652A811B2B0016769A /* Frameworks */ = {
			isa = PBXFrameworksBuildPhase;
			buildActionMask = 2147483647;
			files = (
			);
			runOnlyForDeploymentPostprocessing = 0;
		};
		DD09CB6F2A811B2B0016769A /* Frameworks */ = {
			isa = PBXFrameworksBuildPhase;
			buildActionMask = 2147483647;
			files = (
			);
			runOnlyForDeploymentPostprocessing = 0;
		};
		DD17261D2ADEC32100ED4AF6 /* Frameworks */ = {
			isa = PBXFrameworksBuildPhase;
			buildActionMask = 2147483647;
			files = (
				DD1726222ADEC32100ED4AF6 /* SwiftUI.framework in Frameworks */,
				DD1726212ADEC32100ED4AF6 /* WidgetKit.framework in Frameworks */,
			);
			runOnlyForDeploymentPostprocessing = 0;
		};
/* End PBXFrameworksBuildPhase section */

/* Begin PBXGroup section */
		541C3B8F2ADE73EC00C33A91 /* Frameworks */ = {
			isa = PBXGroup;
			children = (
				541C3B902ADE73EC00C33A91 /* WidgetKit.framework */,
				541C3B922ADE73EC00C33A91 /* SwiftUI.framework */,
			);
			name = Frameworks;
			sourceTree = "<group>";
		};
		DD09CB4F2A811B2A0016769A = {
			isa = PBXGroup;
			children = (
				54F562FD2ADF8361002F6239 /* PumpBuddy-test.xctestplan */,
				DD6152C22ADED4400076A6F7 /* WorkoutWidgetExtension.entitlements */,
				DD09CB5A2A811B2A0016769A /* PumpBuddy */,
				DD09CB6B2A811B2B0016769A /* PumpBuddyTests */,
				DD09CB752A811B2B0016769A /* PumpBuddyUITests */,
				DD1726232ADEC32100ED4AF6 /* WorkoutWidget */,
				541C3B8F2ADE73EC00C33A91 /* Frameworks */,
				DD09CB592A811B2A0016769A /* Products */,
			);
			sourceTree = "<group>";
		};
		DD09CB592A811B2A0016769A /* Products */ = {
			isa = PBXGroup;
			children = (
				DD09CB582A811B2A0016769A /* PumpBuddy.app */,
				DD09CB682A811B2B0016769A /* PumpBuddyTests.xctest */,
				DD09CB722A811B2B0016769A /* PumpBuddyUITests.xctest */,
				DD1726202ADEC32100ED4AF6 /* WorkoutWidgetExtension.appex */,
			);
			name = Products;
			sourceTree = "<group>";
		};
		DD09CB5A2A811B2A0016769A /* PumpBuddy */ = {
			isa = PBXGroup;
			children = (
				DD6152C12ADED4150076A6F7 /* PumpBuddy.entitlements */,
				DD09CB5B2A811B2A0016769A /* PumpBuddyApp.swift */,
				DD837B182A9477FB00C10CDC /* Model */,
				DDC720B42A9469D8009B03A0 /* Views */,
				DD09CB5F2A811B2B0016769A /* Assets.xcassets */,
				DD09CB612A811B2B0016769A /* Preview Content */,
				DDECEE412AD442D600423590 /* WorkoutData.xcdatamodeld */,
			);
			path = PumpBuddy;
			sourceTree = "<group>";
		};
		DD09CB612A811B2B0016769A /* Preview Content */ = {
			isa = PBXGroup;
			children = (
				DD09CB622A811B2B0016769A /* Preview Assets.xcassets */,
			);
			path = "Preview Content";
			sourceTree = "<group>";
		};
		DD09CB6B2A811B2B0016769A /* PumpBuddyTests */ = {
			isa = PBXGroup;
			children = (
				DD09CB6C2A811B2B0016769A /* PumpBuddyTests.swift */,
			);
			path = PumpBuddyTests;
			sourceTree = "<group>";
		};
		DD09CB752A811B2B0016769A /* PumpBuddyUITests */ = {
			isa = PBXGroup;
			children = (
				DD09CB762A811B2B0016769A /* PumpBuddyUITests.swift */,
				DD09CB782A811B2B0016769A /* PumpBuddyUITestsLaunchTests.swift */,
			);
			path = PumpBuddyUITests;
			sourceTree = "<group>";
		};
		DD09CB872A8123880016769A /* Intro */ = {
			isa = PBXGroup;
			children = (
				DD09CB882A8123DA0016769A /* IntroPage1View.swift */,
				DDE9CA8B2A86086A008B4BC5 /* LoadPageView.swift */,
			);
			path = Intro;
			sourceTree = "<group>";
		};
		DD1726232ADEC32100ED4AF6 /* WorkoutWidget */ = {
			isa = PBXGroup;
			children = (
				DD1726242ADEC32100ED4AF6 /* WorkoutWidgetBundle.swift */,
				DD1726262ADEC32100ED4AF6 /* WorkoutWidgetLiveActivity.swift */,
				DD1726282ADEC32100ED4AF6 /* WorkoutWidget.swift */,
				DD17262A2ADEC32100ED4AF6 /* WorkoutWidget.intentdefinition */,
				DD17262B2ADEC32300ED4AF6 /* Assets.xcassets */,
				DD17262D2ADEC32300ED4AF6 /* Info.plist */,
			);
			path = WorkoutWidget;
			sourceTree = "<group>";
		};
		DD3515A62A99827500509143 /* WorkoutSubViews */ = {
			isa = PBXGroup;
			children = (
				542956512A95FE9B007C9658 /* CustomWorkoutView.swift */,
				DD3515A72A99A2EE00509143 /* SearchExercises.swift */,
				DD1767122AD62FC900A8D758 /* ExerciseDetailsView.swift */,
				DDD9506E2ADAEF5400A72203 /* CreatePresetWorkout.swift */,
			);
			path = WorkoutSubViews;
			sourceTree = "<group>";
		};
		DD837B182A9477FB00C10CDC /* Model */ = {
			isa = PBXGroup;
			children = (
				DDECEE562AD4E95100423590 /* Set+CoreDataClass.swift */,
				DDECEE572AD4E95100423590 /* Set+CoreDataProperties.swift */,
				DDECEE582AD4E95100423590 /* Workout+CoreDataClass.swift */,
				DDECEE592AD4E95100423590 /* Workout+CoreDataProperties.swift */,
				DDD9506A2ADAE4CC00A72203 /* PresetWorkout+CoreDataClass.swift */,
				DDD9506B2ADAE4CC00A72203 /* PresetWorkout+CoreDataProperties.swift */,
				DDECEE5A2AD4E95100423590 /* ExercisePerformed+CoreDataClass.swift */,
				DDECEE5B2AD4E95100423590 /* ExercisePerformed+CoreDataProperties.swift */,
				DDECEE5C2AD4E95100423590 /* Exercise+CoreDataClass.swift */,
				DDECEE5D2AD4E95100423590 /* Exercise+CoreDataProperties.swift */,
				DDECEE442AD4441200423590 /* Persistence.swift */,
				DDC4E1E12AD84E43004A2C1D /* ExerciseModel.swift */,
				DDC4E1E32AD84EA4004A2C1D /* JsonModel.swift */,
				DD1726002ADEB35D00ED4AF6 /* Api_Key.plist */,
			);
			path = Model;
			sourceTree = "<group>";
		};
		DD837B252A94898E00C10CDC /* HomeSubviews */ = {
			isa = PBXGroup;
			children = (
				DD837B262A9489A900C10CDC /* WeekView.swift */,
				DD837B282A9489E300C10CDC /* WorkoutsBriefView.swift */,
				DD837B2C2A949DF200C10CDC /* WorkoutHistoryView.swift */,
				DD6152C32ADFAE350076A6F7 /* GoalProgressView.swift */,
			);
			path = HomeSubviews;
			sourceTree = "<group>";
		};
		DDC720B42A9469D8009B03A0 /* Views */ = {
			isa = PBXGroup;
			children = (
				DD09CB5D2A811B2A0016769A /* ContentView.swift */,
				DDE9CA8D2A861461008B4BC5 /* Login */,
				DD09CB872A8123880016769A /* Intro */,
				DDEF9EA12A89ECFC0071B30C /* MainViews */,
			);
			path = Views;
			sourceTree = "<group>";
		};
		DDE9CA8D2A861461008B4BC5 /* Login */ = {
			isa = PBXGroup;
			children = (
				DD837B162A946A9200C10CDC /* SignUpPageView.swift */,
			);
			path = Login;
			sourceTree = "<group>";
		};
		DDEF9EA12A89ECFC0071B30C /* MainViews */ = {
			isa = PBXGroup;
			children = (
				DDEF9EA22A89ED1A0071B30C /* HomePageView.swift */,
				DD837B1F2A947E0200C10CDC /* WorkoutTabView.swift */,
				DD837B212A947E7200C10CDC /* AccountTabView.swift */,
				DD837B252A94898E00C10CDC /* HomeSubviews */,
				DD3515A62A99827500509143 /* WorkoutSubViews */,
			);
			path = MainViews;
			sourceTree = "<group>";
		};
/* End PBXGroup section */

/* Begin PBXNativeTarget section */
		DD09CB572A811B2A0016769A /* PumpBuddy */ = {
			isa = PBXNativeTarget;
			buildConfigurationList = DD09CB7C2A811B2B0016769A /* Build configuration list for PBXNativeTarget "PumpBuddy" */;
			buildPhases = (
				DD09CB542A811B2A0016769A /* Sources */,
				DD09CB552A811B2A0016769A /* Frameworks */,
				DD09CB562A811B2A0016769A /* Resources */,
				541C3BA72ADE73ED00C33A91 /* Embed Foundation Extensions */,
			);
			buildRules = (
			);
			dependencies = (
				DD1726312ADEC32300ED4AF6 /* PBXTargetDependency */,
			);
			name = PumpBuddy;
			productName = PumpBuddy;
			productReference = DD09CB582A811B2A0016769A /* PumpBuddy.app */;
			productType = "com.apple.product-type.application";
		};
		DD09CB672A811B2B0016769A /* PumpBuddyTests */ = {
			isa = PBXNativeTarget;
			buildConfigurationList = DD09CB7F2A811B2B0016769A /* Build configuration list for PBXNativeTarget "PumpBuddyTests" */;
			buildPhases = (
				DD09CB642A811B2B0016769A /* Sources */,
				DD09CB652A811B2B0016769A /* Frameworks */,
				DD09CB662A811B2B0016769A /* Resources */,
			);
			buildRules = (
			);
			dependencies = (
				DD09CB6A2A811B2B0016769A /* PBXTargetDependency */,
			);
			name = PumpBuddyTests;
			productName = PumpBuddyTests;
			productReference = DD09CB682A811B2B0016769A /* PumpBuddyTests.xctest */;
			productType = "com.apple.product-type.bundle.unit-test";
		};
		DD09CB712A811B2B0016769A /* PumpBuddyUITests */ = {
			isa = PBXNativeTarget;
			buildConfigurationList = DD09CB822A811B2B0016769A /* Build configuration list for PBXNativeTarget "PumpBuddyUITests" */;
			buildPhases = (
				DD09CB6E2A811B2B0016769A /* Sources */,
				DD09CB6F2A811B2B0016769A /* Frameworks */,
				DD09CB702A811B2B0016769A /* Resources */,
			);
			buildRules = (
			);
			dependencies = (
				DD09CB742A811B2B0016769A /* PBXTargetDependency */,
			);
			name = PumpBuddyUITests;
			productName = PumpBuddyUITests;
			productReference = DD09CB722A811B2B0016769A /* PumpBuddyUITests.xctest */;
			productType = "com.apple.product-type.bundle.ui-testing";
		};
		DD17261F2ADEC32100ED4AF6 /* WorkoutWidgetExtension */ = {
			isa = PBXNativeTarget;
			buildConfigurationList = DD1726332ADEC32300ED4AF6 /* Build configuration list for PBXNativeTarget "WorkoutWidgetExtension" */;
			buildPhases = (
				DD17261C2ADEC32100ED4AF6 /* Sources */,
				DD17261D2ADEC32100ED4AF6 /* Frameworks */,
				DD17261E2ADEC32100ED4AF6 /* Resources */,
			);
			buildRules = (
			);
			dependencies = (
			);
			name = WorkoutWidgetExtension;
			productName = WorkoutWidgetExtension;
			productReference = DD1726202ADEC32100ED4AF6 /* WorkoutWidgetExtension.appex */;
			productType = "com.apple.product-type.app-extension";
		};
/* End PBXNativeTarget section */

/* Begin PBXProject section */
		DD09CB502A811B2A0016769A /* Project object */ = {
			isa = PBXProject;
			attributes = {
				BuildIndependentTargetsInParallel = 1;
				LastSwiftUpdateCheck = 1410;
				LastUpgradeCheck = 1410;
				TargetAttributes = {
					DD09CB572A811B2A0016769A = {
						CreatedOnToolsVersion = 14.1;
					};
					DD09CB672A811B2B0016769A = {
						CreatedOnToolsVersion = 14.1;
						TestTargetID = DD09CB572A811B2A0016769A;
					};
					DD09CB712A811B2B0016769A = {
						CreatedOnToolsVersion = 14.1;
						TestTargetID = DD09CB572A811B2A0016769A;
					};
					DD17261F2ADEC32100ED4AF6 = {
						CreatedOnToolsVersion = 14.1;
					};
				};
			};
			buildConfigurationList = DD09CB532A811B2A0016769A /* Build configuration list for PBXProject "PumpBuddy" */;
			compatibilityVersion = "Xcode 14.0";
			developmentRegion = en;
			hasScannedForEncodings = 0;
			knownRegions = (
				en,
				Base,
			);
			mainGroup = DD09CB4F2A811B2A0016769A;
			productRefGroup = DD09CB592A811B2A0016769A /* Products */;
			projectDirPath = "";
			projectRoot = "";
			targets = (
				DD09CB572A811B2A0016769A /* PumpBuddy */,
				DD09CB672A811B2B0016769A /* PumpBuddyTests */,
				DD09CB712A811B2B0016769A /* PumpBuddyUITests */,
				DD17261F2ADEC32100ED4AF6 /* WorkoutWidgetExtension */,
			);
		};
/* End PBXProject section */

/* Begin PBXResourcesBuildPhase section */
		DD09CB562A811B2A0016769A /* Resources */ = {
			isa = PBXResourcesBuildPhase;
			buildActionMask = 2147483647;
			files = (
				DD09CB632A811B2B0016769A /* Preview Assets.xcassets in Resources */,
				DD1726012ADEB35D00ED4AF6 /* Api_Key.plist in Resources */,
				DD09CB602A811B2B0016769A /* Assets.xcassets in Resources */,
			);
			runOnlyForDeploymentPostprocessing = 0;
		};
		DD09CB662A811B2B0016769A /* Resources */ = {
			isa = PBXResourcesBuildPhase;
			buildActionMask = 2147483647;
			files = (
			);
			runOnlyForDeploymentPostprocessing = 0;
		};
		DD09CB702A811B2B0016769A /* Resources */ = {
			isa = PBXResourcesBuildPhase;
			buildActionMask = 2147483647;
			files = (
			);
			runOnlyForDeploymentPostprocessing = 0;
		};
		DD17261E2ADEC32100ED4AF6 /* Resources */ = {
			isa = PBXResourcesBuildPhase;
			buildActionMask = 2147483647;
			files = (
				DD17262C2ADEC32300ED4AF6 /* Assets.xcassets in Resources */,
			);
			runOnlyForDeploymentPostprocessing = 0;
		};
/* End PBXResourcesBuildPhase section */

/* Begin PBXSourcesBuildPhase section */
		DD09CB542A811B2A0016769A /* Sources */ = {
			isa = PBXSourcesBuildPhase;
			buildActionMask = 2147483647;
			files = (
				DD837B272A9489A900C10CDC /* WeekView.swift in Sources */,
				DD837B172A946A9200C10CDC /* SignUpPageView.swift in Sources */,
				542956522A95FE9B007C9658 /* CustomWorkoutView.swift in Sources */,
				DDECEE5F2AD4E95100423590 /* Set+CoreDataProperties.swift in Sources */,
				DD837B202A947E0200C10CDC /* WorkoutTabView.swift in Sources */,
				DD837B2D2A949DF200C10CDC /* WorkoutHistoryView.swift in Sources */,
				DD09CB5E2A811B2A0016769A /* ContentView.swift in Sources */,
				DDD9506F2ADAEF5400A72203 /* CreatePresetWorkout.swift in Sources */,
				DDECEE602AD4E95100423590 /* Workout+CoreDataClass.swift in Sources */,
				DD3515A82A99A2EE00509143 /* SearchExercises.swift in Sources */,
				DDD9506C2ADAE4CC00A72203 /* PresetWorkout+CoreDataClass.swift in Sources */,
				DD17262F2ADEC32300ED4AF6 /* WorkoutWidget.intentdefinition in Sources */,
				DDECEE452AD4441200423590 /* Persistence.swift in Sources */,
				DD1767132AD62FC900A8D758 /* ExerciseDetailsView.swift in Sources */,
				DDECEE5E2AD4E95100423590 /* Set+CoreDataClass.swift in Sources */,
				DD837B222A947E7200C10CDC /* AccountTabView.swift in Sources */,
				DD837B292A9489E300C10CDC /* WorkoutsBriefView.swift in Sources */,
				DDECEE632AD4E95100423590 /* ExercisePerformed+CoreDataProperties.swift in Sources */,
				DDECEE622AD4E95100423590 /* ExercisePerformed+CoreDataClass.swift in Sources */,
				DD6152C42ADFAE350076A6F7 /* GoalProgressView.swift in Sources */,
				DDC4E1E22AD84E43004A2C1D /* ExerciseModel.swift in Sources */,
				DDE9CA8C2A86086A008B4BC5 /* LoadPageView.swift in Sources */,
				DDC4E1E42AD84EA4004A2C1D /* JsonModel.swift in Sources */,
				DD09CB5C2A811B2A0016769A /* PumpBuddyApp.swift in Sources */,
				DDD9506D2ADAE4CC00A72203 /* PresetWorkout+CoreDataProperties.swift in Sources */,
				DDECEE612AD4E95100423590 /* Workout+CoreDataProperties.swift in Sources */,
				DD09CB892A8123DA0016769A /* IntroPage1View.swift in Sources */,
				DDECEE432AD442D600423590 /* WorkoutData.xcdatamodeld in Sources */,
				DDECEE642AD4E95100423590 /* Exercise+CoreDataClass.swift in Sources */,
				DDEF9EA32A89ED1A0071B30C /* HomePageView.swift in Sources */,
				DDECEE652AD4E95100423590 /* Exercise+CoreDataProperties.swift in Sources */,
			);
			runOnlyForDeploymentPostprocessing = 0;
		};
		DD09CB642A811B2B0016769A /* Sources */ = {
			isa = PBXSourcesBuildPhase;
			buildActionMask = 2147483647;
			files = (
				54F562FC2ADF82EA002F6239 /* PumpBuddyTests.swift in Sources */,
				DD6152BE2ADED04F0076A6F7 /* WorkoutData.xcdatamodeld in Sources */,
			);
			runOnlyForDeploymentPostprocessing = 0;
		};
		DD09CB6E2A811B2B0016769A /* Sources */ = {
			isa = PBXSourcesBuildPhase;
			buildActionMask = 2147483647;
			files = (
				DD09CB772A811B2B0016769A /* PumpBuddyUITests.swift in Sources */,
				DD09CB792A811B2B0016769A /* PumpBuddyUITestsLaunchTests.swift in Sources */,
			);
			runOnlyForDeploymentPostprocessing = 0;
		};
		DD17261C2ADEC32100ED4AF6 /* Sources */ = {
			isa = PBXSourcesBuildPhase;
			buildActionMask = 2147483647;
			files = (
				DD1726272ADEC32100ED4AF6 /* WorkoutWidgetLiveActivity.swift in Sources */,
				DD1726252ADEC32100ED4AF6 /* WorkoutWidgetBundle.swift in Sources */,
				DD6152BC2ADED0470076A6F7 /* WorkoutData.xcdatamodeld in Sources */,
				DD17262E2ADEC32300ED4AF6 /* WorkoutWidget.intentdefinition in Sources */,
				DD1726292ADEC32100ED4AF6 /* WorkoutWidget.swift in Sources */,
			);
			runOnlyForDeploymentPostprocessing = 0;
		};
/* End PBXSourcesBuildPhase section */

/* Begin PBXTargetDependency section */
		DD09CB6A2A811B2B0016769A /* PBXTargetDependency */ = {
			isa = PBXTargetDependency;
			target = DD09CB572A811B2A0016769A /* PumpBuddy */;
			targetProxy = DD09CB692A811B2B0016769A /* PBXContainerItemProxy */;
		};
		DD09CB742A811B2B0016769A /* PBXTargetDependency */ = {
			isa = PBXTargetDependency;
			target = DD09CB572A811B2A0016769A /* PumpBuddy */;
			targetProxy = DD09CB732A811B2B0016769A /* PBXContainerItemProxy */;
		};
		DD1726312ADEC32300ED4AF6 /* PBXTargetDependency */ = {
			isa = PBXTargetDependency;
			target = DD17261F2ADEC32100ED4AF6 /* WorkoutWidgetExtension */;
			targetProxy = DD1726302ADEC32300ED4AF6 /* PBXContainerItemProxy */;
		};
/* End PBXTargetDependency section */

/* Begin XCBuildConfiguration section */
		DD09CB7A2A811B2B0016769A /* Debug */ = {
			isa = XCBuildConfiguration;
			buildSettings = {
				ALWAYS_SEARCH_USER_PATHS = NO;
				CLANG_ANALYZER_NONNULL = YES;
				CLANG_ANALYZER_NUMBER_OBJECT_CONVERSION = YES_AGGRESSIVE;
				CLANG_CXX_LANGUAGE_STANDARD = "gnu++20";
				CLANG_ENABLE_MODULES = YES;
				CLANG_ENABLE_OBJC_ARC = YES;
				CLANG_ENABLE_OBJC_WEAK = YES;
				CLANG_WARN_BLOCK_CAPTURE_AUTORELEASING = YES;
				CLANG_WARN_BOOL_CONVERSION = YES;
				CLANG_WARN_COMMA = YES;
				CLANG_WARN_CONSTANT_CONVERSION = YES;
				CLANG_WARN_DEPRECATED_OBJC_IMPLEMENTATIONS = YES;
				CLANG_WARN_DIRECT_OBJC_ISA_USAGE = YES_ERROR;
				CLANG_WARN_DOCUMENTATION_COMMENTS = YES;
				CLANG_WARN_EMPTY_BODY = YES;
				CLANG_WARN_ENUM_CONVERSION = YES;
				CLANG_WARN_INFINITE_RECURSION = YES;
				CLANG_WARN_INT_CONVERSION = YES;
				CLANG_WARN_NON_LITERAL_NULL_CONVERSION = YES;
				CLANG_WARN_OBJC_IMPLICIT_RETAIN_SELF = YES;
				CLANG_WARN_OBJC_LITERAL_CONVERSION = YES;
				CLANG_WARN_OBJC_ROOT_CLASS = YES_ERROR;
				CLANG_WARN_QUOTED_INCLUDE_IN_FRAMEWORK_HEADER = YES;
				CLANG_WARN_RANGE_LOOP_ANALYSIS = YES;
				CLANG_WARN_STRICT_PROTOTYPES = YES;
				CLANG_WARN_SUSPICIOUS_MOVE = YES;
				CLANG_WARN_UNGUARDED_AVAILABILITY = YES_AGGRESSIVE;
				CLANG_WARN_UNREACHABLE_CODE = YES;
				CLANG_WARN__DUPLICATE_METHOD_MATCH = YES;
				COPY_PHASE_STRIP = NO;
				DEBUG_INFORMATION_FORMAT = dwarf;
				ENABLE_STRICT_OBJC_MSGSEND = YES;
				ENABLE_TESTABILITY = YES;
				GCC_C_LANGUAGE_STANDARD = gnu11;
				GCC_DYNAMIC_NO_PIC = NO;
				GCC_NO_COMMON_BLOCKS = YES;
				GCC_OPTIMIZATION_LEVEL = 0;
				GCC_PREPROCESSOR_DEFINITIONS = (
					"DEBUG=1",
					"$(inherited)",
				);
				GCC_WARN_64_TO_32_BIT_CONVERSION = YES;
				GCC_WARN_ABOUT_RETURN_TYPE = YES_ERROR;
				GCC_WARN_UNDECLARED_SELECTOR = YES;
				GCC_WARN_UNINITIALIZED_AUTOS = YES_AGGRESSIVE;
				GCC_WARN_UNUSED_FUNCTION = YES;
				GCC_WARN_UNUSED_VARIABLE = YES;
				IPHONEOS_DEPLOYMENT_TARGET = 16.1;
				MTL_ENABLE_DEBUG_INFO = INCLUDE_SOURCE;
				MTL_FAST_MATH = YES;
				ONLY_ACTIVE_ARCH = YES;
				SDKROOT = iphoneos;
				SWIFT_ACTIVE_COMPILATION_CONDITIONS = DEBUG;
				SWIFT_OPTIMIZATION_LEVEL = "-Onone";
			};
			name = Debug;
		};
		DD09CB7B2A811B2B0016769A /* Release */ = {
			isa = XCBuildConfiguration;
			buildSettings = {
				ALWAYS_SEARCH_USER_PATHS = NO;
				CLANG_ANALYZER_NONNULL = YES;
				CLANG_ANALYZER_NUMBER_OBJECT_CONVERSION = YES_AGGRESSIVE;
				CLANG_CXX_LANGUAGE_STANDARD = "gnu++20";
				CLANG_ENABLE_MODULES = YES;
				CLANG_ENABLE_OBJC_ARC = YES;
				CLANG_ENABLE_OBJC_WEAK = YES;
				CLANG_WARN_BLOCK_CAPTURE_AUTORELEASING = YES;
				CLANG_WARN_BOOL_CONVERSION = YES;
				CLANG_WARN_COMMA = YES;
				CLANG_WARN_CONSTANT_CONVERSION = YES;
				CLANG_WARN_DEPRECATED_OBJC_IMPLEMENTATIONS = YES;
				CLANG_WARN_DIRECT_OBJC_ISA_USAGE = YES_ERROR;
				CLANG_WARN_DOCUMENTATION_COMMENTS = YES;
				CLANG_WARN_EMPTY_BODY = YES;
				CLANG_WARN_ENUM_CONVERSION = YES;
				CLANG_WARN_INFINITE_RECURSION = YES;
				CLANG_WARN_INT_CONVERSION = YES;
				CLANG_WARN_NON_LITERAL_NULL_CONVERSION = YES;
				CLANG_WARN_OBJC_IMPLICIT_RETAIN_SELF = YES;
				CLANG_WARN_OBJC_LITERAL_CONVERSION = YES;
				CLANG_WARN_OBJC_ROOT_CLASS = YES_ERROR;
				CLANG_WARN_QUOTED_INCLUDE_IN_FRAMEWORK_HEADER = YES;
				CLANG_WARN_RANGE_LOOP_ANALYSIS = YES;
				CLANG_WARN_STRICT_PROTOTYPES = YES;
				CLANG_WARN_SUSPICIOUS_MOVE = YES;
				CLANG_WARN_UNGUARDED_AVAILABILITY = YES_AGGRESSIVE;
				CLANG_WARN_UNREACHABLE_CODE = YES;
				CLANG_WARN__DUPLICATE_METHOD_MATCH = YES;
				COPY_PHASE_STRIP = NO;
				DEBUG_INFORMATION_FORMAT = "dwarf-with-dsym";
				ENABLE_NS_ASSERTIONS = NO;
				ENABLE_STRICT_OBJC_MSGSEND = YES;
				GCC_C_LANGUAGE_STANDARD = gnu11;
				GCC_NO_COMMON_BLOCKS = YES;
				GCC_WARN_64_TO_32_BIT_CONVERSION = YES;
				GCC_WARN_ABOUT_RETURN_TYPE = YES_ERROR;
				GCC_WARN_UNDECLARED_SELECTOR = YES;
				GCC_WARN_UNINITIALIZED_AUTOS = YES_AGGRESSIVE;
				GCC_WARN_UNUSED_FUNCTION = YES;
				GCC_WARN_UNUSED_VARIABLE = YES;
				IPHONEOS_DEPLOYMENT_TARGET = 16.1;
				MTL_ENABLE_DEBUG_INFO = NO;
				MTL_FAST_MATH = YES;
				SDKROOT = iphoneos;
				SWIFT_COMPILATION_MODE = wholemodule;
				SWIFT_OPTIMIZATION_LEVEL = "-O";
				VALIDATE_PRODUCT = YES;
			};
			name = Release;
		};
		DD09CB7D2A811B2B0016769A /* Debug */ = {
			isa = XCBuildConfiguration;
			buildSettings = {
				ALWAYS_EMBED_SWIFT_STANDARD_LIBRARIES = YES;
				ASSETCATALOG_COMPILER_APPICON_NAME = AppIcon;
				ASSETCATALOG_COMPILER_GLOBAL_ACCENT_COLOR_NAME = AccentColor;
				CODE_SIGN_ENTITLEMENTS = PumpBuddy/PumpBuddy.entitlements;
				CODE_SIGN_STYLE = Automatic;
				CURRENT_PROJECT_VERSION = 1;
				DEVELOPMENT_ASSET_PATHS = "\"PumpBuddy/Preview Content\"";
				DEVELOPMENT_TEAM = 95FXT4S7UK;
				ENABLE_PREVIEWS = YES;
				GENERATE_INFOPLIST_FILE = YES;
				INFOPLIST_KEY_UIApplicationSceneManifest_Generation = YES;
				INFOPLIST_KEY_UIApplicationSupportsIndirectInputEvents = YES;
				INFOPLIST_KEY_UILaunchScreen_Generation = YES;
				INFOPLIST_KEY_UISupportedInterfaceOrientations_iPad = "UIInterfaceOrientationPortrait UIInterfaceOrientationPortraitUpsideDown UIInterfaceOrientationLandscapeLeft UIInterfaceOrientationLandscapeRight";
				INFOPLIST_KEY_UISupportedInterfaceOrientations_iPhone = "UIInterfaceOrientationPortrait UIInterfaceOrientationLandscapeLeft UIInterfaceOrientationLandscapeRight";
				LD_RUNPATH_SEARCH_PATHS = (
					"$(inherited)",
					"@executable_path/Frameworks",
				);
				MARKETING_VERSION = 1.0;
				PRODUCT_BUNDLE_IDENTIFIER = co.UditMalshe.PumpBuddy;
				PRODUCT_NAME = "$(TARGET_NAME)";
				SWIFT_EMIT_LOC_STRINGS = YES;
				SWIFT_VERSION = 5.0;
				TARGETED_DEVICE_FAMILY = "1,2";
			};
			name = Debug;
		};
		DD09CB7E2A811B2B0016769A /* Release */ = {
			isa = XCBuildConfiguration;
			buildSettings = {
				ALWAYS_EMBED_SWIFT_STANDARD_LIBRARIES = YES;
				ASSETCATALOG_COMPILER_APPICON_NAME = AppIcon;
				ASSETCATALOG_COMPILER_GLOBAL_ACCENT_COLOR_NAME = AccentColor;
				CODE_SIGN_ENTITLEMENTS = PumpBuddy/PumpBuddy.entitlements;
				CODE_SIGN_STYLE = Automatic;
				CURRENT_PROJECT_VERSION = 1;
				DEVELOPMENT_ASSET_PATHS = "\"PumpBuddy/Preview Content\"";
				DEVELOPMENT_TEAM = 95FXT4S7UK;
				ENABLE_PREVIEWS = YES;
				GENERATE_INFOPLIST_FILE = YES;
				INFOPLIST_KEY_UIApplicationSceneManifest_Generation = YES;
				INFOPLIST_KEY_UIApplicationSupportsIndirectInputEvents = YES;
				INFOPLIST_KEY_UILaunchScreen_Generation = YES;
				INFOPLIST_KEY_UISupportedInterfaceOrientations_iPad = "UIInterfaceOrientationPortrait UIInterfaceOrientationPortraitUpsideDown UIInterfaceOrientationLandscapeLeft UIInterfaceOrientationLandscapeRight";
				INFOPLIST_KEY_UISupportedInterfaceOrientations_iPhone = "UIInterfaceOrientationPortrait UIInterfaceOrientationLandscapeLeft UIInterfaceOrientationLandscapeRight";
				LD_RUNPATH_SEARCH_PATHS = (
					"$(inherited)",
					"@executable_path/Frameworks",
				);
				MARKETING_VERSION = 1.0;
				PRODUCT_BUNDLE_IDENTIFIER = co.UditMalshe.PumpBuddy;
				PRODUCT_NAME = "$(TARGET_NAME)";
				SWIFT_EMIT_LOC_STRINGS = YES;
				SWIFT_VERSION = 5.0;
				TARGETED_DEVICE_FAMILY = "1,2";
			};
			name = Release;
		};
		DD09CB802A811B2B0016769A /* Debug */ = {
			isa = XCBuildConfiguration;
			buildSettings = {
				ALWAYS_EMBED_SWIFT_STANDARD_LIBRARIES = YES;
				BUNDLE_LOADER = "$(TEST_HOST)";
				CODE_SIGN_STYLE = Automatic;
				CURRENT_PROJECT_VERSION = 1;
				DEVELOPMENT_TEAM = 95FXT4S7UK;
				GENERATE_INFOPLIST_FILE = YES;
				IPHONEOS_DEPLOYMENT_TARGET = 16.1;
				MARKETING_VERSION = 1.0;
				PRODUCT_BUNDLE_IDENTIFIER = co.UditMalshe.PumpBuddyTests;
				PRODUCT_NAME = "$(TARGET_NAME)";
				SWIFT_EMIT_LOC_STRINGS = NO;
				SWIFT_VERSION = 5.0;
				TARGETED_DEVICE_FAMILY = "1,2";
				TEST_HOST = "$(BUILT_PRODUCTS_DIR)/PumpBuddy.app/$(BUNDLE_EXECUTABLE_FOLDER_PATH)/PumpBuddy";
			};
			name = Debug;
		};
		DD09CB812A811B2B0016769A /* Release */ = {
			isa = XCBuildConfiguration;
			buildSettings = {
				ALWAYS_EMBED_SWIFT_STANDARD_LIBRARIES = YES;
				BUNDLE_LOADER = "$(TEST_HOST)";
				CODE_SIGN_STYLE = Automatic;
				CURRENT_PROJECT_VERSION = 1;
				DEVELOPMENT_TEAM = 95FXT4S7UK;
				GENERATE_INFOPLIST_FILE = YES;
				IPHONEOS_DEPLOYMENT_TARGET = 16.1;
				MARKETING_VERSION = 1.0;
				PRODUCT_BUNDLE_IDENTIFIER = co.UditMalshe.PumpBuddyTests;
				PRODUCT_NAME = "$(TARGET_NAME)";
				SWIFT_EMIT_LOC_STRINGS = NO;
				SWIFT_VERSION = 5.0;
				TARGETED_DEVICE_FAMILY = "1,2";
				TEST_HOST = "$(BUILT_PRODUCTS_DIR)/PumpBuddy.app/$(BUNDLE_EXECUTABLE_FOLDER_PATH)/PumpBuddy";
			};
			name = Release;
		};
		DD09CB832A811B2B0016769A /* Debug */ = {
			isa = XCBuildConfiguration;
			buildSettings = {
				ALWAYS_EMBED_SWIFT_STANDARD_LIBRARIES = YES;
				CODE_SIGN_STYLE = Automatic;
				CURRENT_PROJECT_VERSION = 1;
				DEVELOPMENT_TEAM = 95FXT4S7UK;
				GENERATE_INFOPLIST_FILE = YES;
				MARKETING_VERSION = 1.0;
				PRODUCT_BUNDLE_IDENTIFIER = co.UditMalshe.PumpBuddyUITests;
				PRODUCT_NAME = "$(TARGET_NAME)";
				SWIFT_EMIT_LOC_STRINGS = NO;
				SWIFT_VERSION = 5.0;
				TARGETED_DEVICE_FAMILY = "1,2";
				TEST_TARGET_NAME = PumpBuddy;
			};
			name = Debug;
		};
		DD09CB842A811B2B0016769A /* Release */ = {
			isa = XCBuildConfiguration;
			buildSettings = {
				ALWAYS_EMBED_SWIFT_STANDARD_LIBRARIES = YES;
				CODE_SIGN_STYLE = Automatic;
				CURRENT_PROJECT_VERSION = 1;
				DEVELOPMENT_TEAM = 95FXT4S7UK;
				GENERATE_INFOPLIST_FILE = YES;
				MARKETING_VERSION = 1.0;
				PRODUCT_BUNDLE_IDENTIFIER = co.UditMalshe.PumpBuddyUITests;
				PRODUCT_NAME = "$(TARGET_NAME)";
				SWIFT_EMIT_LOC_STRINGS = NO;
				SWIFT_VERSION = 5.0;
				TARGETED_DEVICE_FAMILY = "1,2";
				TEST_TARGET_NAME = PumpBuddy;
			};
			name = Release;
		};
		DD1726342ADEC32300ED4AF6 /* Debug */ = {
			isa = XCBuildConfiguration;
			buildSettings = {
				ASSETCATALOG_COMPILER_GLOBAL_ACCENT_COLOR_NAME = AccentColor;
				ASSETCATALOG_COMPILER_WIDGET_BACKGROUND_COLOR_NAME = WidgetBackground;
				CODE_SIGN_ENTITLEMENTS = WorkoutWidgetExtension.entitlements;
				CODE_SIGN_STYLE = Automatic;
				CURRENT_PROJECT_VERSION = 1;
				DEVELOPMENT_TEAM = 95FXT4S7UK;
				GENERATE_INFOPLIST_FILE = YES;
				INFOPLIST_FILE = WorkoutWidget/Info.plist;
				INFOPLIST_KEY_CFBundleDisplayName = WorkoutWidget;
				INFOPLIST_KEY_NSHumanReadableCopyright = "";
				LD_RUNPATH_SEARCH_PATHS = (
					"$(inherited)",
					"@executable_path/Frameworks",
					"@executable_path/../../Frameworks",
				);
				MARKETING_VERSION = 1.0;
				PRODUCT_BUNDLE_IDENTIFIER = co.UditMalshe.PumpBuddy.WorkoutWidget;
				PRODUCT_NAME = "$(TARGET_NAME)";
				SKIP_INSTALL = YES;
				SWIFT_EMIT_LOC_STRINGS = YES;
				SWIFT_VERSION = 5.0;
				TARGETED_DEVICE_FAMILY = "1,2";
			};
			name = Debug;
		};
		DD1726352ADEC32300ED4AF6 /* Release */ = {
			isa = XCBuildConfiguration;
			buildSettings = {
				ASSETCATALOG_COMPILER_GLOBAL_ACCENT_COLOR_NAME = AccentColor;
				ASSETCATALOG_COMPILER_WIDGET_BACKGROUND_COLOR_NAME = WidgetBackground;
				CODE_SIGN_ENTITLEMENTS = WorkoutWidgetExtension.entitlements;
				CODE_SIGN_STYLE = Automatic;
				CURRENT_PROJECT_VERSION = 1;
				DEVELOPMENT_TEAM = 95FXT4S7UK;
				GENERATE_INFOPLIST_FILE = YES;
				INFOPLIST_FILE = WorkoutWidget/Info.plist;
				INFOPLIST_KEY_CFBundleDisplayName = WorkoutWidget;
				INFOPLIST_KEY_NSHumanReadableCopyright = "";
				LD_RUNPATH_SEARCH_PATHS = (
					"$(inherited)",
					"@executable_path/Frameworks",
					"@executable_path/../../Frameworks",
				);
				MARKETING_VERSION = 1.0;
				PRODUCT_BUNDLE_IDENTIFIER = co.UditMalshe.PumpBuddy.WorkoutWidget;
				PRODUCT_NAME = "$(TARGET_NAME)";
				SKIP_INSTALL = YES;
				SWIFT_EMIT_LOC_STRINGS = YES;
				SWIFT_VERSION = 5.0;
				TARGETED_DEVICE_FAMILY = "1,2";
			};
			name = Release;
		};
/* End XCBuildConfiguration section */

/* Begin XCConfigurationList section */
		DD09CB532A811B2A0016769A /* Build configuration list for PBXProject "PumpBuddy" */ = {
			isa = XCConfigurationList;
			buildConfigurations = (
				DD09CB7A2A811B2B0016769A /* Debug */,
				DD09CB7B2A811B2B0016769A /* Release */,
			);
			defaultConfigurationIsVisible = 0;
			defaultConfigurationName = Release;
		};
		DD09CB7C2A811B2B0016769A /* Build configuration list for PBXNativeTarget "PumpBuddy" */ = {
			isa = XCConfigurationList;
			buildConfigurations = (
				DD09CB7D2A811B2B0016769A /* Debug */,
				DD09CB7E2A811B2B0016769A /* Release */,
			);
			defaultConfigurationIsVisible = 0;
			defaultConfigurationName = Release;
		};
		DD09CB7F2A811B2B0016769A /* Build configuration list for PBXNativeTarget "PumpBuddyTests" */ = {
			isa = XCConfigurationList;
			buildConfigurations = (
				DD09CB802A811B2B0016769A /* Debug */,
				DD09CB812A811B2B0016769A /* Release */,
			);
			defaultConfigurationIsVisible = 0;
			defaultConfigurationName = Release;
		};
		DD09CB822A811B2B0016769A /* Build configuration list for PBXNativeTarget "PumpBuddyUITests" */ = {
			isa = XCConfigurationList;
			buildConfigurations = (
				DD09CB832A811B2B0016769A /* Debug */,
				DD09CB842A811B2B0016769A /* Release */,
			);
			defaultConfigurationIsVisible = 0;
			defaultConfigurationName = Release;
		};
		DD1726332ADEC32300ED4AF6 /* Build configuration list for PBXNativeTarget "WorkoutWidgetExtension" */ = {
			isa = XCConfigurationList;
			buildConfigurations = (
				DD1726342ADEC32300ED4AF6 /* Debug */,
				DD1726352ADEC32300ED4AF6 /* Release */,
			);
			defaultConfigurationIsVisible = 0;
			defaultConfigurationName = Release;
		};
/* End XCConfigurationList section */

/* Begin XCVersionGroup section */
		DDECEE412AD442D600423590 /* WorkoutData.xcdatamodeld */ = {
			isa = XCVersionGroup;
			children = (
				DDECEE422AD442D600423590 /* WorkoutData.xcdatamodel */,
			);
			currentVersion = DDECEE422AD442D600423590 /* WorkoutData.xcdatamodel */;
			path = WorkoutData.xcdatamodeld;
			sourceTree = "<group>";
			versionGroupType = wrapper.xcdatamodel;
		};
/* End XCVersionGroup section */
	};
	rootObject = DD09CB502A811B2A0016769A /* Project object */;
}
